
Microsoft Visual Studio Solution File, Format Version 12.00
# Visual Studio 15
VisualStudioVersion = 15.0.34320.172
MinimumVisualStudioVersion = 10.0.40219.1
Project("{FAE04EC0-301F-11D3-BF4B-00C04F79EFBC}") = "Lab23", "Lab23\Lab23.csproj", "{11744243-74A2-42EC-8ED0-C863D2229A4B}"
EndProject
Global
	GlobalSection(SolutionConfigurationPlatforms) = preSolution
		Debug|Any CPU = Debug|Any CPU
		Release|Any CPU = Release|Any CPU
	EndGlobalSection
	GlobalSection(ProjectConfigurationPlatforms) = postSolution
		{11744243-74A2-42EC-8ED0-C863D2229A4B}.Debug|Any CPU.ActiveCfg = Debug|Any CPU
		{11744243-74A2-42EC-8ED0-C863D2229A4B}.Debug|Any CPU.Build.0 = Debug|Any CPU
		{11744243-74A2-42EC-8ED0-C863D2229A4B}.Release|Any CPU.ActiveCfg = Release|Any CPU
		{11744243-74A2-42EC-8ED0-C863D2229A4B}.Release|Any CPU.Build.0 = Release|Any CPU
	EndGlobalSection
	GlobalSection(SolutionProperties) = preSolution
		HideSolutionNode = FALSE
	EndGlobalSection
	GlobalSection(ExtensibilityGlobals) = postSolution
		SolutionGuid = {60FA8216-0ADD-41E1-BE3A-D96579ACBB10}
	EndGlobalSection
EndGlobal
